
Microsoft Visual Studio Solution File, Format Version 12.00
# Visual Studio Version 17
VisualStudioVersion = 17.8.34511.84
MinimumVisualStudioVersion = 10.0.40219.1
Project("{FAE04EC0-301F-11D3-BF4B-00C04F79EFBC}") = "HomeWork3.1", "HomeWork3.1\HomeWork3.1.csproj", "{C924B892-B7F8-43E2-84E9-92FEF36624FA}"
EndProject
Global
	GlobalSection(SolutionConfigurationPlatforms) = preSolution
		Debug|Any CPU = Debug|Any CPU
		Release|Any CPU = Release|Any CPU
	EndGlobalSection
	GlobalSection(ProjectConfigurationPlatforms) = postSolution
		{C924B892-B7F8-43E2-84E9-92FEF36624FA}.Debug|Any CPU.ActiveCfg = Debug|Any CPU
		{C924B892-B7F8-43E2-84E9-92FEF36624FA}.Debug|Any CPU.Build.0 = Debug|Any CPU
		{C924B892-B7F8-43E2-84E9-92FEF36624FA}.Release|Any CPU.ActiveCfg = Release|Any CPU
		{C924B892-B7F8-43E2-84E9-92FEF36624FA}.Release|Any CPU.Build.0 = Release|Any CPU
	EndGlobalSection
	GlobalSection(SolutionProperties) = preSolution
		HideSolutionNode = FALSE
	EndGlobalSection
	GlobalSection(ExtensibilityGlobals) = postSolution
		SolutionGuid = {A075CA15-01F7-41E1-8CDD-2CD6117992D3}
	EndGlobalSection
EndGlobal
